
Microsoft Visual Studio Solution File, Format Version 12.00
# Visual Studio Version 16
VisualStudioVersion = 16.0.30011.22
MinimumVisualStudioVersion = 10.0.40219.1
Project("{FAE04EC0-301F-11D3-BF4B-00C04F79EFBC}") = "Sentence.DataAccess", "Sentence.DataAccess\Sentence.DataAccess.csproj", "{27F9DA4C-DD53-4C1F-BEFE-00174C5EA93A}"
EndProject
Project("{FAE04EC0-301F-11D3-BF4B-00C04F79EFBC}") = "ReverseSentences", "ReverseSentences\ReverseSentences.csproj", "{CAD85F1E-8295-459C-81D1-9EE4CB9DBDC6}"
EndProject
Global
	GlobalSection(SolutionConfigurationPlatforms) = preSolution
		Debug|Any CPU = Debug|Any CPU
		Release|Any CPU = Release|Any CPU
	EndGlobalSection
	GlobalSection(ProjectConfigurationPlatforms) = postSolution
		{27F9DA4C-DD53-4C1F-BEFE-00174C5EA93A}.Debug|Any CPU.ActiveCfg = Debug|Any CPU
		{27F9DA4C-DD53-4C1F-BEFE-00174C5EA93A}.Debug|Any CPU.Build.0 = Debug|Any CPU
		{27F9DA4C-DD53-4C1F-BEFE-00174C5EA93A}.Release|Any CPU.ActiveCfg = Release|Any CPU
		{27F9DA4C-DD53-4C1F-BEFE-00174C5EA93A}.Release|Any CPU.Build.0 = Release|Any CPU
		{CAD85F1E-8295-459C-81D1-9EE4CB9DBDC6}.Debug|Any CPU.ActiveCfg = Debug|Any CPU
		{CAD85F1E-8295-459C-81D1-9EE4CB9DBDC6}.Debug|Any CPU.Build.0 = Debug|Any CPU
		{CAD85F1E-8295-459C-81D1-9EE4CB9DBDC6}.Release|Any CPU.ActiveCfg = Release|Any CPU
		{CAD85F1E-8295-459C-81D1-9EE4CB9DBDC6}.Release|Any CPU.Build.0 = Release|Any CPU
	EndGlobalSection
	GlobalSection(SolutionProperties) = preSolution
		HideSolutionNode = FALSE
	EndGlobalSection
	GlobalSection(ExtensibilityGlobals) = postSolution
		SolutionGuid = {3EFF58F1-FE0D-41CB-B6A3-7AF32E51C6AA}
	EndGlobalSection
EndGlobal
